// !$*UTF8*$!
{
	archiveVersion = 1;
	classes = {
	};
	objectVersion = 50;
	objects = {

/* Begin PBXBuildFile section */
		32E0AA852DC6EB550028EA0D /* AppDelegate.swift in Sources */ = {isa = PBXBuildFile; fileRef = 32E0AA842DC6EB550028EA0D /* AppDelegate.swift */; };
		32E0AA872DC6EB550028EA0D /* SceneDelegate.swift in Sources */ = {isa = PBXBuildFile; fileRef = 32E0AA862DC6EB550028EA0D /* SceneDelegate.swift */; };
		32E0AA892DC6EB550028EA0D /* ViewController.swift in Sources */ = {isa = PBXBuildFile; fileRef = 32E0AA882DC6EB550028EA0D /* ViewController.swift */; };
		32E0AA8C2DC6EB560028EA0D /* Main.storyboard in Resources */ = {isa = PBXBuildFile; fileRef = 32E0AA8A2DC6EB560028EA0D /* Main.storyboard */; };
		32E0AA8E2DC6EB640028EA0D /* Assets.xcassets in Resources */ = {isa = PBXBuildFile; fileRef = 32E0AA8D2DC6EB640028EA0D /* Assets.xcassets */; };
		32E0AA912DC6EB640028EA0D /* LaunchScreen.storyboard in Resources */ = {isa = PBXBuildFile; fileRef = 32E0AA8F2DC6EB640028EA0D /* LaunchScreen.storyboard */; };
		32E0AA9C2DC6EB640028EA0D /* preworkUITests.swift in Sources */ = {isa = PBXBuildFile; fileRef = 32E0AA9B2DC6EB640028EA0D /* preworkUITests.swift */; };
/* End PBXBuildFile section */

/* Begin PBXContainerItemProxy section */
		32E0AA982DC6EB640028EA0D /* PBXContainerItemProxy */ = {
			isa = PBXContainerItemProxy;
			containerPortal = 32E0AA792DC6EB540028EA0D /* Project object */;
			proxyType = 1;
			remoteGlobalIDString = 32E0AA802DC6EB550028EA0D;
			remoteInfo = prework;
		};
/* End PBXContainerItemProxy section */

/* Begin PBXFileReference section */
		32E0AA812DC6EB550028EA0D /* prework.app */ = {isa = PBXFileReference; explicitFileType = wrapper.application; includeInIndex = 0; path = prework.app; sourceTree = BUILT_PRODUCTS_DIR; };
		32E0AA842DC6EB550028EA0D /* AppDelegate.swift */ = {isa = PBXFileReference; lastKnownFileType = sourcecode.swift; path = AppDelegate.swift; sourceTree = "<group>"; };
		32E0AA862DC6EB550028EA0D /* SceneDelegate.swift */ = {isa = PBXFileReference; lastKnownFileType = sourcecode.swift; path = SceneDelegate.swift; sourceTree = "<group>"; };
		32E0AA882DC6EB550028EA0D /* ViewController.swift */ = {isa = PBXFileReference; lastKnownFileType = sourcecode.swift; path = ViewController.swift; sourceTree = "<group>"; };
		32E0AA8B2DC6EB560028EA0D /* Base */ = {isa = PBXFileReference; lastKnownFileType = file.storyboard; name = Base; path = Base.lproj/Main.storyboard; sourceTree = "<group>"; };
		32E0AA8D2DC6EB640028EA0D /* Assets.xcassets */ = {isa = PBXFileReference; lastKnownFileType = folder.assetcatalog; path = Assets.xcassets; sourceTree = "<group>"; };
		32E0AA902DC6EB640028EA0D /* Base */ = {isa = PBXFileReference; lastKnownFileType = file.storyboard; name = Base; path = Base.lproj/LaunchScreen.storyboard; sourceTree = "<group>"; };
		32E0AA922DC6EB640028EA0D /* Info.plist */ = {isa = PBXFileReference; lastKnownFileType = text.plist.xml; path = Info.plist; sourceTree = "<group>"; };
		32E0AA972DC6EB640028EA0D /* preworkUITests.xctest */ = {isa = PBXFileReference; explicitFileType = wrapper.cfbundle; includeInIndex = 0; path = preworkUITests.xctest; sourceTree = BUILT_PRODUCTS_DIR; };
		32E0AA9B2DC6EB640028EA0D /* preworkUITests.swift */ = {isa = PBXFileReference; lastKnownFileType = sourcecode.swift; path = preworkUITests.swift; sourceTree = "<group>"; };
		32E0AA9D2DC6EB640028EA0D /* Info.plist */ = {isa = PBXFileReference; lastKnownFileType = text.plist.xml; path = Info.plist; sourceTree = "<group>"; };
/* End PBXFileReference section */

/* Begin PBXFrameworksBuildPhase section */
		32E0AA7E2DC6EB550028EA0D /* Frameworks */ = {
			isa = PBXFrameworksBuildPhase;
			buildActionMask = 2147483647;
			files = (
			);
			runOnlyForDeploymentPostprocessing = 0;
		};
		32E0AA942DC6EB640028EA0D /* Frameworks */ = {
			isa = PBXFrameworksBuildPhase;
			buildActionMask = 2147483647;
			files = (
			);
			runOnlyForDeploymentPostprocessing = 0;
		};
/* End PBXFrameworksBuildPhase section */

/* Begin PBXGroup section */
		32E0AA782DC6EB540028EA0D = {
			isa = PBXGroup;
			children = (
				32E0AA832DC6EB550028EA0D /* prework */,
				32E0AA9A2DC6EB640028EA0D /* preworkUITests */,
				32E0AA822DC6EB550028EA0D /* Products */,
			);
			sourceTree = "<group>";
		};
		32E0AA822DC6EB550028EA0D /* Products */ = {
			isa = PBXGroup;
			children = (
				32E0AA812DC6EB550028EA0D /* prework.app */,
				32E0AA972DC6EB640028EA0D /* preworkUITests.xctest */,
			);
			name = Products;
			sourceTree = "<group>";
		};
		32E0AA832DC6EB550028EA0D /* prework */ = {
			isa = PBXGroup;
			children = (
				32E0AA842DC6EB550028EA0D /* AppDelegate.swift */,
				32E0AA862DC6EB550028EA0D /* SceneDelegate.swift */,
				32E0AA882DC6EB550028EA0D /* ViewController.swift */,
				32E0AA8A2DC6EB560028EA0D /* Main.storyboard */,
				32E0AA8D2DC6EB640028EA0D /* Assets.xcassets */,
				32E0AA8F2DC6EB640028EA0D /* LaunchScreen.storyboard */,
				32E0AA922DC6EB640028EA0D /* Info.plist */,
			);
			path = prework;
			sourceTree = "<group>";
		};
		32E0AA9A2DC6EB640028EA0D /* preworkUITests */ = {
			isa = PBXGroup;
			children = (
				32E0AA9B2DC6EB640028EA0D /* preworkUITests.swift */,
				32E0AA9D2DC6EB640028EA0D /* Info.plist */,
			);
			path = preworkUITests;
			sourceTree = "<group>";
		};
/* End PBXGroup section */

/* Begin PBXNativeTarget section */
		32E0AA802DC6EB550028EA0D /* prework */ = {
			isa = PBXNativeTarget;
			buildConfigurationList = 32E0AAA02DC6EB640028EA0D /* Build configuration list for PBXNativeTarget "prework" */;
			buildPhases = (
				32E0AA7D2DC6EB550028EA0D /* Sources */,
				32E0AA7E2DC6EB550028EA0D /* Frameworks */,
				32E0AA7F2DC6EB550028EA0D /* Resources */,
			);
			buildRules = (
			);
			dependencies = (
			);
			name = prework;
			productName = prework;
			productReference = 32E0AA812DC6EB550028EA0D /* prework.app */;
			productType = "com.apple.product-type.application";
		};
		32E0AA962DC6EB640028EA0D /* preworkUITests */ = {
			isa = PBXNativeTarget;
			buildConfigurationList = 32E0AAA32DC6EB640028EA0D /* Build configuration list for PBXNativeTarget "preworkUITests" */;
			buildPhases = (
				32E0AA932DC6EB640028EA0D /* Sources */,
				32E0AA942DC6EB640028EA0D /* Frameworks */,
				32E0AA952DC6EB640028EA0D /* Resources */,
			);
			buildRules = (
			);
			dependencies = (
				32E0AA992DC6EB640028EA0D /* PBXTargetDependency */,
			);
			name = preworkUITests;
			productName = preworkUITests;
			productReference = 32E0AA972DC6EB640028EA0D /* preworkUITests.xctest */;
			productType = "com.apple.product-type.bundle.ui-testing";
		};
/* End PBXNativeTarget section */

/* Begin PBXProject section */
		32E0AA792DC6EB540028EA0D /* Project object */ = {
			isa = PBXProject;
			attributes = {
				LastSwiftUpdateCheck = 1170;
				LastUpgradeCheck = 1170;
				ORGANIZATIONNAME = Chris;
				TargetAttributes = {
					32E0AA802DC6EB550028EA0D = {
						CreatedOnToolsVersion = 11.7;
					};
					32E0AA962DC6EB640028EA0D = {
						CreatedOnToolsVersion = 11.7;
						TestTargetID = 32E0AA802DC6EB550028EA0D;
					};
				};
			};
			buildConfigurationList = 32E0AA7C2DC6EB540028EA0D /* Build configuration list for PBXProject "prework" */;
			compatibilityVersion = "Xcode 9.3";
			developmentRegion = en;
			hasScannedForEncodings = 0;
			knownRegions = (
				en,
				Base,
			);
			mainGroup = 32E0AA782DC6EB540028EA0D;
			productRefGroup = 32E0AA822DC6EB550028EA0D /* Products */;
			projectDirPath = "";
			projectRoot = "";
			targets = (
				32E0AA802DC6EB550028EA0D /* prework */,
				32E0AA962DC6EB640028EA0D /* preworkUITests */,
			);
		};
/* End PBXProject section */

/* Begin PBXResourcesBuildPhase section */
		32E0AA7F2DC6EB550028EA0D /* Resources */ = {
			isa = PBXResourcesBuildPhase;
			buildActionMask = 2147483647;
			files = (
				32E0AA912DC6EB640028EA0D /* LaunchScreen.storyboard in Resources */,
				32E0AA8E2DC6EB640028EA0D /* Assets.xcassets in Resources */,
				32E0AA8C2DC6EB560028EA0D /* Main.storyboard in Resources */,
			);
			runOnlyForDeploymentPostprocessing = 0;
		};
		32E0AA952DC6EB640028EA0D /* Resources */ = {
			isa = PBXResourcesBuildPhase;
			buildActionMask = 2147483647;
			files = (
			);
			runOnlyForDeploymentPostprocessing = 0;
		};
/* End PBXResourcesBuildPhase section */

/* Begin PBXSourcesBuildPhase section */
		32E0AA7D2DC6EB550028EA0D /* Sources */ = {
			isa = PBXSourcesBuildPhase;
			buildActionMask = 2147483647;
			files = (
				32E0AA892DC6EB550028EA0D /* ViewController.swift in Sources */,
				32E0AA852DC6EB550028EA0D /* AppDelegate.swift in Sources */,
				32E0AA872DC6EB550028EA0D /* SceneDelegate.swift in Sources */,
			);
			runOnlyForDeploymentPostprocessing = 0;
		};
		32E0AA932DC6EB640028EA0D /* Sources */ = {
			isa = PBXSourcesBuildPhase;
			buildActionMask = 2147483647;
			files = (
				32E0AA9C2DC6EB640028EA0D /* preworkUITests.swift in Sources */,
			);
			runOnlyForDeploymentPostprocessing = 0;
		};
/* End PBXSourcesBuildPhase section */

/* Begin PBXTargetDependency section */
		32E0AA992DC6EB640028EA0D /* PBXTargetDependency */ = {
			isa = PBXTargetDependency;
			target = 32E0AA802DC6EB550028EA0D /* prework */;
			targetProxy = 32E0AA982DC6EB640028EA0D /* PBXContainerItemProxy */;
		};
/* End PBXTargetDependency section */

/* Begin PBXVariantGroup section */
		32E0AA8A2DC6EB560028EA0D /* Main.storyboard */ = {
			isa = PBXVariantGroup;
			children = (
				32E0AA8B2DC6EB560028EA0D /* Base */,
			);
			name = Main.storyboard;
			sourceTree = "<group>";
		};
		32E0AA8F2DC6EB640028EA0D /* LaunchScreen.storyboard */ = {
			isa = PBXVariantGroup;
			children = (
				32E0AA902DC6EB640028EA0D /* Base */,
			);
			name = LaunchScreen.storyboard;
			sourceTree = "<group>";
		};
/* End PBXVariantGroup section */

/* Begin XCBuildConfiguration section */
		32E0AA9E2DC6EB640028EA0D /* Debug */ = {
			isa = XCBuildConfiguration;
			buildSettings = {
				ALWAYS_SEARCH_USER_PATHS = NO;
				CLANG_ANALYZER_NONNULL = YES;
				CLANG_ANALYZER_NUMBER_OBJECT_CONVERSION = YES_AGGRESSIVE;
				CLANG_CXX_LANGUAGE_STANDARD = "gnu++14";
				CLANG_CXX_LIBRARY = "libc++";
				CLANG_ENABLE_MODULES = YES;
				CLANG_ENABLE_OBJC_ARC = YES;
				CLANG_ENABLE_OBJC_WEAK = YES;
				CLANG_WARN_BLOCK_CAPTURE_AUTORELEASING = YES;
				CLANG_WARN_BOOL_CONVERSION = YES;
				CLANG_WARN_COMMA = YES;
				CLANG_WARN_CONSTANT_CONVERSION = YES;
				CLANG_WARN_DEPRECATED_OBJC_IMPLEMENTATIONS = YES;
				CLANG_WARN_DIRECT_OBJC_ISA_USAGE = YES_ERROR;
				CLANG_WARN_DOCUMENTATION_COMMENTS = YES;
				CLANG_WARN_EMPTY_BODY = YES;
				CLANG_WARN_ENUM_CONVERSION = YES;
				CLANG_WARN_INFINITE_RECURSION = YES;
				CLANG_WARN_INT_CONVERSION = YES;
				CLANG_WARN_NON_LITERAL_NULL_CONVERSION = YES;
				CLANG_WARN_OBJC_IMPLICIT_RETAIN_SELF = YES;
				CLANG_WARN_OBJC_LITERAL_CONVERSION = YES;
				CLANG_WARN_OBJC_ROOT_CLASS = YES_ERROR;
				CLANG_WARN_RANGE_LOOP_ANALYSIS = YES;
				CLANG_WARN_STRICT_PROTOTYPES = YES;
				CLANG_WARN_SUSPICIOUS_MOVE = YES;
				CLANG_WARN_UNGUARDED_AVAILABILITY = YES_AGGRESSIVE;
				CLANG_WARN_UNREACHABLE_CODE = YES;
				CLANG_WARN__DUPLICATE_METHOD_MATCH = YES;
				COPY_PHASE_STRIP = NO;
				DEBUG_INFORMATION_FORMAT = dwarf;
				ENABLE_STRICT_OBJC_MSGSEND = YES;
				ENABLE_TESTABILITY = YES;
				GCC_C_LANGUAGE_STANDARD = gnu11;
				GCC_DYNAMIC_NO_PIC = NO;
				GCC_NO_COMMON_BLOCKS = YES;
				GCC_OPTIMIZATION_LEVEL = 0;
				GCC_PREPROCESSOR_DEFINITIONS = (
					"DEBUG=1",
					"$(inherited)",
				);
				GCC_WARN_64_TO_32_BIT_CONVERSION = YES;
				GCC_WARN_ABOUT_RETURN_TYPE = YES_ERROR;
				GCC_WARN_UNDECLARED_SELECTOR = YES;
				GCC_WARN_UNINITIALIZED_AUTOS = YES_AGGRESSIVE;
				GCC_WARN_UNUSED_FUNCTION = YES;
				GCC_WARN_UNUSED_VARIABLE = YES;
				IPHONEOS_DEPLOYMENT_TARGET = 13.7;
				MTL_ENABLE_DEBUG_INFO = INCLUDE_SOURCE;
				MTL_FAST_MATH = YES;
				ONLY_ACTIVE_ARCH = YES;
				SDKROOT = iphoneos;
				SWIFT_ACTIVE_COMPILATION_CONDITIONS = DEBUG;
				SWIFT_OPTIMIZATION_LEVEL = "-Onone";
			};
			name = Debug;
		};
		32E0AA9F2DC6EB640028EA0D /* Release */ = {
			isa = XCBuildConfiguration;
			buildSettings = {
				ALWAYS_SEARCH_USER_PATHS = NO;
				CLANG_ANALYZER_NONNULL = YES;
				CLANG_ANALYZER_NUMBER_OBJECT_CONVERSION = YES_AGGRESSIVE;
				CLANG_CXX_LANGUAGE_STANDARD = "gnu++14";
				CLANG_CXX_LIBRARY = "libc++";
				CLANG_ENABLE_MODULES = YES;
				CLANG_ENABLE_OBJC_ARC = YES;
				CLANG_ENABLE_OBJC_WEAK = YES;
				CLANG_WARN_BLOCK_CAPTURE_AUTORELEASING = YES;
				CLANG_WARN_BOOL_CONVERSION = YES;
				CLANG_WARN_COMMA = YES;
				CLANG_WARN_CONSTANT_CONVERSION = YES;
				CLANG_WARN_DEPRECATED_OBJC_IMPLEMENTATIONS = YES;
				CLANG_WARN_DIRECT_OBJC_ISA_USAGE = YES_ERROR;
				CLANG_WARN_DOCUMENTATION_COMMENTS = YES;
				CLANG_WARN_EMPTY_BODY = YES;
				CLANG_WARN_ENUM_CONVERSION = YES;
				CLANG_WARN_INFINITE_RECURSION = YES;
				CLANG_WARN_INT_CONVERSION = YES;
				CLANG_WARN_NON_LITERAL_NULL_CONVERSION = YES;
				CLANG_WARN_OBJC_IMPLICIT_RETAIN_SELF = YES;
				CLANG_WARN_OBJC_LITERAL_CONVERSION = YES;
				CLANG_WARN_OBJC_ROOT_CLASS = YES_ERROR;
				CLANG_WARN_RANGE_LOOP_ANALYSIS = YES;
				CLANG_WARN_STRICT_PROTOTYPES = YES;
				CLANG_WARN_SUSPICIOUS_MOVE = YES;
				CLANG_WARN_UNGUARDED_AVAILABILITY = YES_AGGRESSIVE;
				CLANG_WARN_UNREACHABLE_CODE = YES;
				CLANG_WARN__DUPLICATE_METHOD_MATCH = YES;
				COPY_PHASE_STRIP = NO;
				DEBUG_INFORMATION_FORMAT = "dwarf-with-dsym";
				ENABLE_NS_ASSERTIONS = NO;
				ENABLE_STRICT_OBJC_MSGSEND = YES;
				GCC_C_LANGUAGE_STANDARD = gnu11;
				GCC_NO_COMMON_BLOCKS = YES;
				GCC_WARN_64_TO_32_BIT_CONVERSION = YES;
				GCC_WARN_ABOUT_RETURN_TYPE = YES_ERROR;
				GCC_WARN_UNDECLARED_SELECTOR = YES;
				GCC_WARN_UNINITIALIZED_AUTOS = YES_AGGRESSIVE;
				GCC_WARN_UNUSED_FUNCTION = YES;
				GCC_WARN_UNUSED_VARIABLE = YES;
				IPHONEOS_DEPLOYMENT_TARGET = 13.7;
				MTL_ENABLE_DEBUG_INFO = NO;
				MTL_FAST_MATH = YES;
				SDKROOT = iphoneos;
				SWIFT_COMPILATION_MODE = wholemodule;
				SWIFT_OPTIMIZATION_LEVEL = "-O";
				VALIDATE_PRODUCT = YES;
			};
			name = Release;
		};
		32E0AAA12DC6EB640028EA0D /* Debug */ = {
			isa = XCBuildConfiguration;
			buildSettings = {
				ASSETCATALOG_COMPILER_APPICON_NAME = AppIcon;
				CODE_SIGN_STYLE = Automatic;
				INFOPLIST_FILE = prework/Info.plist;
				LD_RUNPATH_SEARCH_PATHS = (
					"$(inherited)",
					"@executable_path/Frameworks",
				);
				PRODUCT_BUNDLE_IDENTIFIER = ios101.prework;
				PRODUCT_NAME = "$(TARGET_NAME)";
				SWIFT_VERSION = 5.0;
				TARGETED_DEVICE_FAMILY = "1,2";
			};
			name = Debug;
		};
		32E0AAA22DC6EB640028EA0D /* Release */ = {
			isa = XCBuildConfiguration;
			buildSettings = {
				ASSETCATALOG_COMPILER_APPICON_NAME = AppIcon;
				CODE_SIGN_STYLE = Automatic;
				INFOPLIST_FILE = prework/Info.plist;
				LD_RUNPATH_SEARCH_PATHS = (
					"$(inherited)",
					"@executable_path/Frameworks",
				);
				PRODUCT_BUNDLE_IDENTIFIER = ios101.prework;
				PRODUCT_NAME = "$(TARGET_NAME)";
				SWIFT_VERSION = 5.0;
				TARGETED_DEVICE_FAMILY = "1,2";
			};
			name = Release;
		};
		32E0AAA42DC6EB640028EA0D /* Debug */ = {
			isa = XCBuildConfiguration;
			buildSettings = {
				ALWAYS_EMBED_SWIFT_STANDARD_LIBRARIES = YES;
				CODE_SIGN_STYLE = Automatic;
				INFOPLIST_FILE = preworkUITests/Info.plist;
				LD_RUNPATH_SEARCH_PATHS = (
					"$(inherited)",
					"@executable_path/Frameworks",
					"@loader_path/Frameworks",
				);
				PRODUCT_BUNDLE_IDENTIFIER = ios101.preworkUITests;
				PRODUCT_NAME = "$(TARGET_NAME)";
				SWIFT_VERSION = 5.0;
				TARGETED_DEVICE_FAMILY = "1,2";
				TEST_TARGET_NAME = prework;
			};
			name = Debug;
		};
		32E0AAA52DC6EB640028EA0D /* Release */ = {
			isa = XCBuildConfiguration;
			buildSettings = {
				ALWAYS_EMBED_SWIFT_STANDARD_LIBRARIES = YES;
				CODE_SIGN_STYLE = Automatic;
				INFOPLIST_FILE = preworkUITests/Info.plist;
				LD_RUNPATH_SEARCH_PATHS = (
					"$(inherited)",
					"@executable_path/Frameworks",
					"@loader_path/Frameworks",
				);
				PRODUCT_BUNDLE_IDENTIFIER = ios101.preworkUITests;
				PRODUCT_NAME = "$(TARGET_NAME)";
				SWIFT_VERSION = 5.0;
				TARGETED_DEVICE_FAMILY = "1,2";
				TEST_TARGET_NAME = prework;
			};
			name = Release;
		};
/* End XCBuildConfiguration section */

/* Begin XCConfigurationList section */
		32E0AA7C2DC6EB540028EA0D /* Build configuration list for PBXProject "prework" */ = {
			isa = XCConfigurationList;
			buildConfigurations = (
				32E0AA9E2DC6EB640028EA0D /* Debug */,
				32E0AA9F2DC6EB640028EA0D /* Release */,
			);
			defaultConfigurationIsVisible = 0;
			defaultConfigurationName = Release;
		};
		32E0AAA02DC6EB640028EA0D /* Build configuration list for PBXNativeTarget "prework" */ = {
			isa = XCConfigurationList;
			buildConfigurations = (
				32E0AAA12DC6EB640028EA0D /* Debug */,
				32E0AAA22DC6EB640028EA0D /* Release */,
			);
			defaultConfigurationIsVisible = 0;
			defaultConfigurationName = Release;
		};
		32E0AAA32DC6EB640028EA0D /* Build configuration list for PBXNativeTarget "preworkUITests" */ = {
			isa = XCConfigurationList;
			buildConfigurations = (
				32E0AAA42DC6EB640028EA0D /* Debug */,
				32E0AAA52DC6EB640028EA0D /* Release */,
			);
			defaultConfigurationIsVisible = 0;
			defaultConfigurationName = Release;
		};
/* End XCConfigurationList section */
	};
	rootObject = 32E0AA792DC6EB540028EA0D /* Project object */;
}
